{
  "name": "cluster_bench",
  "version": "1.0.0",
  "lockfileVersion": 1,
  "requires": true,
  "dependencies": {
    "node-worker-threads-pool": {
      "version": "1.4.1",
      "resolved": "https://registry.npmjs.org/node-worker-threads-pool/-/node-worker-threads-pool-1.4.1.tgz",
      "integrity": "sha512-vyDXDVP/fppE4miayWbiN0H0NOOlECPnxDUg4byx4Qm8lK2RyypxWj5iisPjZTuXbKlFIKoIYvTmkzruoAlX0g==",
      "dev": true
    }
  }
}
